// !$*UTF8*$!
{
	archiveVersion = 1;
	classes = {
	};
	objectVersion = 48;
	objects = {

/* Begin PBXBuildFile section */
		072799391F96716E00B0A717 /* AppDelegate.m in Sources */ = {isa = PBXBuildFile; fileRef = 072799381F96716E00B0A717 /* AppDelegate.m */; };
		0727993F1F96716E00B0A717 /* Main.storyboard in Resources */ = {isa = PBXBuildFile; fileRef = 0727993D1F96716E00B0A717 /* Main.storyboard */; };
		072799411F96716E00B0A717 /* Assets.xcassets in Resources */ = {isa = PBXBuildFile; fileRef = 072799401F96716E00B0A717 /* Assets.xcassets */; };
		072799441F96716E00B0A717 /* LaunchScreen.storyboard in Resources */ = {isa = PBXBuildFile; fileRef = 072799421F96716E00B0A717 /* LaunchScreen.storyboard */; };
		072799471F96716E00B0A717 /* main.m in Sources */ = {isa = PBXBuildFile; fileRef = 072799461F96716E00B0A717 /* main.m */; };
		072799521F967B3800B0A717 /* SpecialObject.m in Sources */ = {isa = PBXBuildFile; fileRef = 072799511F967B3800B0A717 /* SpecialObject.m */; };
		072799551F9683BA00B0A717 /* SpecialViewController.m in Sources */ = {isa = PBXBuildFile; fileRef = 072799541F9683BA00B0A717 /* SpecialViewController.m */; };
		072799581F9683F700B0A717 /* SpecialViewControllerAppearanceProxy.m in Sources */ = {isa = PBXBuildFile; fileRef = 072799571F9683F700B0A717 /* SpecialViewControllerAppearanceProxy.m */; };
		0727995B1F9689BF00B0A717 /* SpecialView.m in Sources */ = {isa = PBXBuildFile; fileRef = 0727995A1F9689BF00B0A717 /* SpecialView.m */; };
		072893E31F969AE600BA44A0 /* FirstViewController.m in Sources */ = {isa = PBXBuildFile; fileRef = 072893E21F969AE600BA44A0 /* FirstViewController.m */; };
		072893E61F969C1F00BA44A0 /* SecondViewController.m in Sources */ = {isa = PBXBuildFile; fileRef = 072893E51F969C1F00BA44A0 /* SecondViewController.m */; };
		072893E91F969DBC00BA44A0 /* ThirdViewController.m in Sources */ = {isa = PBXBuildFile; fileRef = 072893E81F969DBC00BA44A0 /* ThirdViewController.m */; };
		07E3E7851F9A7EF20053BC14 /* SpecialObjectAppearanceProxy.m in Sources */ = {isa = PBXBuildFile; fileRef = 07E3E7841F9A7EF20053BC14 /* SpecialObjectAppearanceProxy.m */; };
/* End PBXBuildFile section */

/* Begin PBXFileReference section */
		072799341F96716E00B0A717 /* AppearanceExample.app */ = {isa = PBXFileReference; explicitFileType = wrapper.application; includeInIndex = 0; path = AppearanceExample.app; sourceTree = BUILT_PRODUCTS_DIR; };
		072799371F96716E00B0A717 /* AppDelegate.h */ = {isa = PBXFileReference; lastKnownFileType = sourcecode.c.h; path = AppDelegate.h; sourceTree = "<group>"; };
		072799381F96716E00B0A717 /* AppDelegate.m */ = {isa = PBXFileReference; lastKnownFileType = sourcecode.c.objc; path = AppDelegate.m; sourceTree = "<group>"; };
		0727993E1F96716E00B0A717 /* Base */ = {isa = PBXFileReference; lastKnownFileType = file.storyboard; name = Base; path = Base.lproj/Main.storyboard; sourceTree = "<group>"; };
		072799401F96716E00B0A717 /* Assets.xcassets */ = {isa = PBXFileReference; lastKnownFileType = folder.assetcatalog; path = Assets.xcassets; sourceTree = "<group>"; };
		072799431F96716E00B0A717 /* Base */ = {isa = PBXFileReference; lastKnownFileType = file.storyboard; name = Base; path = Base.lproj/LaunchScreen.storyboard; sourceTree = "<group>"; };
		072799451F96716E00B0A717 /* Info.plist */ = {isa = PBXFileReference; lastKnownFileType = text.plist.xml; path = Info.plist; sourceTree = "<group>"; };
		072799461F96716E00B0A717 /* main.m */ = {isa = PBXFileReference; lastKnownFileType = sourcecode.c.objc; path = main.m; sourceTree = "<group>"; };
		072799501F967B3800B0A717 /* SpecialObject.h */ = {isa = PBXFileReference; lastKnownFileType = sourcecode.c.h; path = SpecialObject.h; sourceTree = "<group>"; };
		072799511F967B3800B0A717 /* SpecialObject.m */ = {isa = PBXFileReference; lastKnownFileType = sourcecode.c.objc; path = SpecialObject.m; sourceTree = "<group>"; };
		072799531F9683BA00B0A717 /* SpecialViewController.h */ = {isa = PBXFileReference; lastKnownFileType = sourcecode.c.h; path = SpecialViewController.h; sourceTree = "<group>"; };
		072799541F9683BA00B0A717 /* SpecialViewController.m */ = {isa = PBXFileReference; lastKnownFileType = sourcecode.c.objc; path = SpecialViewController.m; sourceTree = "<group>"; };
		072799561F9683F700B0A717 /* SpecialViewControllerAppearanceProxy.h */ = {isa = PBXFileReference; lastKnownFileType = sourcecode.c.h; path = SpecialViewControllerAppearanceProxy.h; sourceTree = "<group>"; };
		072799571F9683F700B0A717 /* SpecialViewControllerAppearanceProxy.m */ = {isa = PBXFileReference; lastKnownFileType = sourcecode.c.objc; path = SpecialViewControllerAppearanceProxy.m; sourceTree = "<group>"; };
		072799591F9689BF00B0A717 /* SpecialView.h */ = {isa = PBXFileReference; lastKnownFileType = sourcecode.c.h; path = SpecialView.h; sourceTree = "<group>"; };
		0727995A1F9689BF00B0A717 /* SpecialView.m */ = {isa = PBXFileReference; lastKnownFileType = sourcecode.c.objc; path = SpecialView.m; sourceTree = "<group>"; };
		072893E11F969AE600BA44A0 /* FirstViewController.h */ = {isa = PBXFileReference; lastKnownFileType = sourcecode.c.h; path = FirstViewController.h; sourceTree = "<group>"; };
		072893E21F969AE600BA44A0 /* FirstViewController.m */ = {isa = PBXFileReference; lastKnownFileType = sourcecode.c.objc; path = FirstViewController.m; sourceTree = "<group>"; };
		072893E41F969C1F00BA44A0 /* SecondViewController.h */ = {isa = PBXFileReference; lastKnownFileType = sourcecode.c.h; path = SecondViewController.h; sourceTree = "<group>"; };
		072893E51F969C1F00BA44A0 /* SecondViewController.m */ = {isa = PBXFileReference; lastKnownFileType = sourcecode.c.objc; path = SecondViewController.m; sourceTree = "<group>"; };
		072893E71F969DBC00BA44A0 /* ThirdViewController.h */ = {isa = PBXFileReference; lastKnownFileType = sourcecode.c.h; path = ThirdViewController.h; sourceTree = "<group>"; };
		072893E81F969DBC00BA44A0 /* ThirdViewController.m */ = {isa = PBXFileReference; lastKnownFileType = sourcecode.c.objc; path = ThirdViewController.m; sourceTree = "<group>"; };
		07E3E7831F9A7EF20053BC14 /* SpecialObjectAppearanceProxy.h */ = {isa = PBXFileReference; lastKnownFileType = sourcecode.c.h; path = SpecialObjectAppearanceProxy.h; sourceTree = "<group>"; };
		07E3E7841F9A7EF20053BC14 /* SpecialObjectAppearanceProxy.m */ = {isa = PBXFileReference; lastKnownFileType = sourcecode.c.objc; path = SpecialObjectAppearanceProxy.m; sourceTree = "<group>"; };
/* End PBXFileReference section */

/* Begin PBXFrameworksBuildPhase section */
		072799311F96716D00B0A717 /* Frameworks */ = {
			isa = PBXFrameworksBuildPhase;
			buildActionMask = 2147483647;
			files = (
			);
			runOnlyForDeploymentPostprocessing = 0;
		};
/* End PBXFrameworksBuildPhase section */

/* Begin PBXGroup section */
		0727992B1F96716D00B0A717 = {
			isa = PBXGroup;
			children = (
				072799361F96716E00B0A717 /* AppearanceExample */,
				072799351F96716E00B0A717 /* Products */,
			);
			sourceTree = "<group>";
		};
		072799351F96716E00B0A717 /* Products */ = {
			isa = PBXGroup;
			children = (
				072799341F96716E00B0A717 /* AppearanceExample.app */,
			);
			name = Products;
			sourceTree = "<group>";
		};
		072799361F96716E00B0A717 /* AppearanceExample */ = {
			isa = PBXGroup;
			children = (
				072799371F96716E00B0A717 /* AppDelegate.h */,
				072799381F96716E00B0A717 /* AppDelegate.m */,
				072799591F9689BF00B0A717 /* SpecialView.h */,
				0727995A1F9689BF00B0A717 /* SpecialView.m */,
				072799501F967B3800B0A717 /* SpecialObject.h */,
				072799511F967B3800B0A717 /* SpecialObject.m */,
				072799531F9683BA00B0A717 /* SpecialViewController.h */,
				072799541F9683BA00B0A717 /* SpecialViewController.m */,
				072799561F9683F700B0A717 /* SpecialViewControllerAppearanceProxy.h */,
				072799571F9683F700B0A717 /* SpecialViewControllerAppearanceProxy.m */,
				072893E11F969AE600BA44A0 /* FirstViewController.h */,
				072893E21F969AE600BA44A0 /* FirstViewController.m */,
				072893E41F969C1F00BA44A0 /* SecondViewController.h */,
				072893E51F969C1F00BA44A0 /* SecondViewController.m */,
				072893E71F969DBC00BA44A0 /* ThirdViewController.h */,
				072893E81F969DBC00BA44A0 /* ThirdViewController.m */,
				0727993D1F96716E00B0A717 /* Main.storyboard */,
				072799421F96716E00B0A717 /* LaunchScreen.storyboard */,
				072799401F96716E00B0A717 /* Assets.xcassets */,
				072799451F96716E00B0A717 /* Info.plist */,
				072799461F96716E00B0A717 /* main.m */,
				07E3E7831F9A7EF20053BC14 /* SpecialObjectAppearanceProxy.h */,
				07E3E7841F9A7EF20053BC14 /* SpecialObjectAppearanceProxy.m */,
			);
			path = AppearanceExample;
			sourceTree = "<group>";
		};
/* End PBXGroup section */

/* Begin PBXNativeTarget section */
		072799331F96716D00B0A717 /* AppearanceExample */ = {
			isa = PBXNativeTarget;
			buildConfigurationList = 0727994A1F96716E00B0A717 /* Build configuration list for PBXNativeTarget "AppearanceExample" */;
			buildPhases = (
				072799301F96716D00B0A717 /* Sources */,
				072799311F96716D00B0A717 /* Frameworks */,
				072799321F96716D00B0A717 /* Resources */,
			);
			buildRules = (
			);
			dependencies = (
			);
			name = AppearanceExample;
			productName = AppearanceExample;
			productReference = 072799341F96716E00B0A717 /* AppearanceExample.app */;
			productType = "com.apple.product-type.application";
		};
/* End PBXNativeTarget section */

/* Begin PBXProject section */
		0727992C1F96716D00B0A717 /* Project object */ = {
			isa = PBXProject;
			attributes = {
				LastUpgradeCheck = 0900;
				ORGANIZATIONNAME = "Varun Santhanam";
				TargetAttributes = {
					072799331F96716D00B0A717 = {
						CreatedOnToolsVersion = 9.0;
						ProvisioningStyle = Automatic;
					};
				};
			};
			buildConfigurationList = 0727992F1F96716D00B0A717 /* Build configuration list for PBXProject "AppearanceExample" */;
			compatibilityVersion = "Xcode 8.0";
			developmentRegion = en;
			hasScannedForEncodings = 0;
			knownRegions = (
				en,
				Base,
			);
			mainGroup = 0727992B1F96716D00B0A717;
			productRefGroup = 072799351F96716E00B0A717 /* Products */;
			projectDirPath = "";
			projectRoot = "";
			targets = (
				072799331F96716D00B0A717 /* AppearanceExample */,
			);
		};
/* End PBXProject section */

/* Begin PBXResourcesBuildPhase section */
		072799321F96716D00B0A717 /* Resources */ = {
			isa = PBXResourcesBuildPhase;
			buildActionMask = 2147483647;
			files = (
				072799441F96716E00B0A717 /* LaunchScreen.storyboard in Resources */,
				072799411F96716E00B0A717 /* Assets.xcassets in Resources */,
				0727993F1F96716E00B0A717 /* Main.storyboard in Resources */,
			);
			runOnlyForDeploymentPostprocessing = 0;
		};
/* End PBXResourcesBuildPhase section */

/* Begin PBXSourcesBuildPhase section */
		072799301F96716D00B0A717 /* Sources */ = {
			isa = PBXSourcesBuildPhase;
			buildActionMask = 2147483647;
			files = (
				072893E61F969C1F00BA44A0 /* SecondViewController.m in Sources */,
				072799551F9683BA00B0A717 /* SpecialViewController.m in Sources */,
				072799521F967B3800B0A717 /* SpecialObject.m in Sources */,
				072799471F96716E00B0A717 /* main.m in Sources */,
				07E3E7851F9A7EF20053BC14 /* SpecialObjectAppearanceProxy.m in Sources */,
				0727995B1F9689BF00B0A717 /* SpecialView.m in Sources */,
				072799581F9683F700B0A717 /* SpecialViewControllerAppearanceProxy.m in Sources */,
				072893E91F969DBC00BA44A0 /* ThirdViewController.m in Sources */,
				072799391F96716E00B0A717 /* AppDelegate.m in Sources */,
				072893E31F969AE600BA44A0 /* FirstViewController.m in Sources */,
			);
			runOnlyForDeploymentPostprocessing = 0;
		};
/* End PBXSourcesBuildPhase section */

/* Begin PBXVariantGroup section */
		0727993D1F96716E00B0A717 /* Main.storyboard */ = {
			isa = PBXVariantGroup;
			children = (
				0727993E1F96716E00B0A717 /* Base */,
			);
			name = Main.storyboard;
			sourceTree = "<group>";
		};
		072799421F96716E00B0A717 /* LaunchScreen.storyboard */ = {
			isa = PBXVariantGroup;
			children = (
				072799431F96716E00B0A717 /* Base */,
			);
			name = LaunchScreen.storyboard;
			sourceTree = "<group>";
		};
/* End PBXVariantGroup section */

/* Begin XCBuildConfiguration section */
		072799481F96716E00B0A717 /* Debug */ = {
			isa = XCBuildConfiguration;
			buildSettings = {
				ALWAYS_SEARCH_USER_PATHS = NO;
				CLANG_ANALYZER_NONNULL = YES;
				CLANG_ANALYZER_NUMBER_OBJECT_CONVERSION = YES_AGGRESSIVE;
				CLANG_CXX_LANGUAGE_STANDARD = "gnu++14";
				CLANG_CXX_LIBRARY = "libc++";
				CLANG_ENABLE_MODULES = YES;
				CLANG_ENABLE_OBJC_ARC = YES;
				CLANG_WARN_BLOCK_CAPTURE_AUTORELEASING = YES;
				CLANG_WARN_BOOL_CONVERSION = YES;
				CLANG_WARN_COMMA = YES;
				CLANG_WARN_CONSTANT_CONVERSION = YES;
				CLANG_WARN_DIRECT_OBJC_ISA_USAGE = YES_ERROR;
				CLANG_WARN_DOCUMENTATION_COMMENTS = YES;
				CLANG_WARN_EMPTY_BODY = YES;
				CLANG_WARN_ENUM_CONVERSION = YES;
				CLANG_WARN_INFINITE_RECURSION = YES;
				CLANG_WARN_INT_CONVERSION = YES;
				CLANG_WARN_NON_LITERAL_NULL_CONVERSION = YES;
				CLANG_WARN_OBJC_LITERAL_CONVERSION = YES;
				CLANG_WARN_OBJC_ROOT_CLASS = YES_ERROR;
				CLANG_WARN_RANGE_LOOP_ANALYSIS = YES;
				CLANG_WARN_STRICT_PROTOTYPES = YES;
				CLANG_WARN_SUSPICIOUS_MOVE = YES;
				CLANG_WARN_UNGUARDED_AVAILABILITY = YES_AGGRESSIVE;
				CLANG_WARN_UNREACHABLE_CODE = YES;
				CLANG_WARN__DUPLICATE_METHOD_MATCH = YES;
				CODE_SIGN_IDENTITY = "iPhone Developer";
				COPY_PHASE_STRIP = NO;
				DEBUG_INFORMATION_FORMAT = dwarf;
				ENABLE_STRICT_OBJC_MSGSEND = YES;
				ENABLE_TESTABILITY = YES;
				GCC_C_LANGUAGE_STANDARD = gnu11;
				GCC_DYNAMIC_NO_PIC = NO;
				GCC_NO_COMMON_BLOCKS = YES;
				GCC_OPTIMIZATION_LEVEL = 0;
				GCC_PREPROCESSOR_DEFINITIONS = (
					"DEBUG=1",
					"$(inherited)",
				);
				GCC_WARN_64_TO_32_BIT_CONVERSION = YES;
				GCC_WARN_ABOUT_RETURN_TYPE = YES_ERROR;
				GCC_WARN_UNDECLARED_SELECTOR = YES;
				GCC_WARN_UNINITIALIZED_AUTOS = YES_AGGRESSIVE;
				GCC_WARN_UNUSED_FUNCTION = YES;
				GCC_WARN_UNUSED_VARIABLE = YES;
				IPHONEOS_DEPLOYMENT_TARGET = 11.0;
				MTL_ENABLE_DEBUG_INFO = YES;
				ONLY_ACTIVE_ARCH = YES;
				SDKROOT = iphoneos;
			};
			name = Debug;
		};
		072799491F96716E00B0A717 /* Release */ = {
			isa = XCBuildConfiguration;
			buildSettings = {
				ALWAYS_SEARCH_USER_PATHS = NO;
				CLANG_ANALYZER_NONNULL = YES;
				CLANG_ANALYZER_NUMBER_OBJECT_CONVERSION = YES_AGGRESSIVE;
				CLANG_CXX_LANGUAGE_STANDARD = "gnu++14";
				CLANG_CXX_LIBRARY = "libc++";
				CLANG_ENABLE_MODULES = YES;
				CLANG_ENABLE_OBJC_ARC = YES;
				CLANG_WARN_BLOCK_CAPTURE_AUTORELEASING = YES;
				CLANG_WARN_BOOL_CONVERSION = YES;
				CLANG_WARN_COMMA = YES;
				CLANG_WARN_CONSTANT_CONVERSION = YES;
				CLANG_WARN_DIRECT_OBJC_ISA_USAGE = YES_ERROR;
				CLANG_WARN_DOCUMENTATION_COMMENTS = YES;
				CLANG_WARN_EMPTY_BODY = YES;
				CLANG_WARN_ENUM_CONVERSION = YES;
				CLANG_WARN_INFINITE_RECURSION = YES;
				CLANG_WARN_INT_CONVERSION = YES;
				CLANG_WARN_NON_LITERAL_NULL_CONVERSION = YES;
				CLANG_WARN_OBJC_LITERAL_CONVERSION = YES;
				CLANG_WARN_OBJC_ROOT_CLASS = YES_ERROR;
				CLANG_WARN_RANGE_LOOP_ANALYSIS = YES;
				CLANG_WARN_STRICT_PROTOTYPES = YES;
				CLANG_WARN_SUSPICIOUS_MOVE = YES;
				CLANG_WARN_UNGUARDED_AVAILABILITY = YES_AGGRESSIVE;
				CLANG_WARN_UNREACHABLE_CODE = YES;
				CLANG_WARN__DUPLICATE_METHOD_MATCH = YES;
				CODE_SIGN_IDENTITY = "iPhone Developer";
				COPY_PHASE_STRIP = NO;
				DEBUG_INFORMATION_FORMAT = "dwarf-with-dsym";
				ENABLE_NS_ASSERTIONS = NO;
				ENABLE_STRICT_OBJC_MSGSEND = YES;
				GCC_C_LANGUAGE_STANDARD = gnu11;
				GCC_NO_COMMON_BLOCKS = YES;
				GCC_WARN_64_TO_32_BIT_CONVERSION = YES;
				GCC_WARN_ABOUT_RETURN_TYPE = YES_ERROR;
				GCC_WARN_UNDECLARED_SELECTOR = YES;
				GCC_WARN_UNINITIALIZED_AUTOS = YES_AGGRESSIVE;
				GCC_WARN_UNUSED_FUNCTION = YES;
				GCC_WARN_UNUSED_VARIABLE = YES;
				IPHONEOS_DEPLOYMENT_TARGET = 11.0;
				MTL_ENABLE_DEBUG_INFO = NO;
				SDKROOT = iphoneos;
				VALIDATE_PRODUCT = YES;
			};
			name = Release;
		};
		0727994B1F96716E00B0A717 /* Debug */ = {
			isa = XCBuildConfiguration;
			buildSettings = {
				ASSETCATALOG_COMPILER_APPICON_NAME = AppIcon;
				CODE_SIGN_STYLE = Automatic;
				DEVELOPMENT_TEAM = Y88YPD4RJA;
				INFOPLIST_FILE = AppearanceExample/Info.plist;
				LD_RUNPATH_SEARCH_PATHS = "$(inherited) @executable_path/Frameworks";
				PRODUCT_BUNDLE_IDENTIFIER = com.varunsanthanam.AppearanceExample;
				PRODUCT_NAME = "$(TARGET_NAME)";
				TARGETED_DEVICE_FAMILY = "1,2";
			};
			name = Debug;
		};
		0727994C1F96716E00B0A717 /* Release */ = {
			isa = XCBuildConfiguration;
			buildSettings = {
				ASSETCATALOG_COMPILER_APPICON_NAME = AppIcon;
				CODE_SIGN_STYLE = Automatic;
				DEVELOPMENT_TEAM = Y88YPD4RJA;
				INFOPLIST_FILE = AppearanceExample/Info.plist;
				LD_RUNPATH_SEARCH_PATHS = "$(inherited) @executable_path/Frameworks";
				PRODUCT_BUNDLE_IDENTIFIER = com.varunsanthanam.AppearanceExample;
				PRODUCT_NAME = "$(TARGET_NAME)";
				TARGETED_DEVICE_FAMILY = "1,2";
			};
			name = Release;
		};
/* End XCBuildConfiguration section */

/* Begin XCConfigurationList section */
		0727992F1F96716D00B0A717 /* Build configuration list for PBXProject "AppearanceExample" */ = {
			isa = XCConfigurationList;
			buildConfigurations = (
				072799481F96716E00B0A717 /* Debug */,
				072799491F96716E00B0A717 /* Release */,
			);
			defaultConfigurationIsVisible = 0;
			defaultConfigurationName = Release;
		};
		0727994A1F96716E00B0A717 /* Build configuration list for PBXNativeTarget "AppearanceExample" */ = {
			isa = XCConfigurationList;
			buildConfigurations = (
				0727994B1F96716E00B0A717 /* Debug */,
				0727994C1F96716E00B0A717 /* Release */,
			);
			defaultConfigurationIsVisible = 0;
			defaultConfigurationName = Release;
		};
/* End XCConfigurationList section */
	};
	rootObject = 0727992C1F96716D00B0A717 /* Project object */;
}
